// !$*UTF8*$!
{
	archiveVersion = 1;
	classes = {
	};
	objectVersion = 46;
	objects = {

/* Begin PBXBuildFile section */
		72BBC2C61ACAEB2D0076EADF /* main.m in Sources */ = {isa = PBXBuildFile; fileRef = 72BBC2C51ACAEB2D0076EADF /* main.m */; };
/* End PBXBuildFile section */

/* Begin PBXCopyFilesBuildPhase section */
		72BBC2C01ACAEB2D0076EADF /* CopyFiles */ = {
			isa = PBXCopyFilesBuildPhase;
			buildActionMask = 2147483647;
			dstPath = /usr/share/man/man1/;
			dstSubfolderSpec = 0;
			files = (
			);
			runOnlyForDeploymentPostprocessing = 1;
		};
/* End PBXCopyFilesBuildPhase section */

/* Begin PBXFileReference section */
		72BBC2C21ACAEB2D0076EADF /* wildloops */ = {isa = PBXFileReference; explicitFileType = "compiled.mach-o.executable"; includeInIndex = 0; path = wildloops; sourceTree = BUILT_PRODUCTS_DIR; };
		72BBC2C51ACAEB2D0076EADF /* main.m */ = {isa = PBXFileReference; lastKnownFileType = sourcecode.c.objc; path = main.m; sourceTree = "<group>"; };
/* End PBXFileReference section */

/* Begin PBXFrameworksBuildPhase section */
		72BBC2BF1ACAEB2D0076EADF /* Frameworks */ = {
			isa = PBXFrameworksBuildPhase;
			buildActionMask = 2147483647;
			files = (
			);
			runOnlyForDeploymentPostprocessing = 0;
		};
/* End PBXFrameworksBuildPhase section */

/* Begin PBXGroup section */
		72BBC2B91ACAEB2D0076EADF = {
			isa = PBXGroup;
			children = (
				72BBC2C41ACAEB2D0076EADF /* wildloops */,
				72BBC2C31ACAEB2D0076EADF /* Products */,
			);
			sourceTree = "<group>";
		};
		72BBC2C31ACAEB2D0076EADF /* Products */ = {
			isa = PBXGroup;
			children = (
				72BBC2C21ACAEB2D0076EADF /* wildloops */,
			);
			name = Products;
			sourceTree = "<group>";
		};
		72BBC2C41ACAEB2D0076EADF /* wildloops */ = {
			isa = PBXGroup;
			children = (
				72BBC2C51ACAEB2D0076EADF /* main.m */,
			);
			path = wildloops;
			sourceTree = "<group>";
		};
/* End PBXGroup section */

/* Begin PBXNativeTarget section */
		72BBC2C11ACAEB2D0076EADF /* wildloops */ = {
			isa = PBXNativeTarget;
			buildConfigurationList = 72BBC2C91ACAEB2D0076EADF /* Build configuration list for PBXNativeTarget "wildloops" */;
			buildPhases = (
				72BBC2BE1ACAEB2D0076EADF /* Sources */,
				72BBC2BF1ACAEB2D0076EADF /* Frameworks */,
				72BBC2C01ACAEB2D0076EADF /* CopyFiles */,
			);
			buildRules = (
			);
			dependencies = (
			);
			name = wildloops;
			productName = wildloops;
			productReference = 72BBC2C21ACAEB2D0076EADF /* wildloops */;
			productType = "com.apple.product-type.tool";
		};
/* End PBXNativeTarget section */

/* Begin PBXProject section */
		72BBC2BA1ACAEB2D0076EADF /* Project object */ = {
			isa = PBXProject;
			attributes = {
				LastUpgradeCheck = 0620;
				ORGANIZATIONNAME = "Ej Churchey";
				TargetAttributes = {
					72BBC2C11ACAEB2D0076EADF = {
						CreatedOnToolsVersion = 6.2;
					};
				};
			};
			buildConfigurationList = 72BBC2BD1ACAEB2D0076EADF /* Build configuration list for PBXProject "wildloops" */;
			compatibilityVersion = "Xcode 3.2";
			developmentRegion = English;
			hasScannedForEncodings = 0;
			knownRegions = (
				en,
			);
			mainGroup = 72BBC2B91ACAEB2D0076EADF;
			productRefGroup = 72BBC2C31ACAEB2D0076EADF /* Products */;
			projectDirPath = "";
			projectRoot = "";
			targets = (
				72BBC2C11ACAEB2D0076EADF /* wildloops */,
			);
		};
/* End PBXProject section */

/* Begin PBXSourcesBuildPhase section */
		72BBC2BE1ACAEB2D0076EADF /* Sources */ = {
			isa = PBXSourcesBuildPhase;
			buildActionMask = 2147483647;
			files = (
				72BBC2C61ACAEB2D0076EADF /* main.m in Sources */,
			);
			runOnlyForDeploymentPostprocessing = 0;
		};
/* End PBXSourcesBuildPhase section */

/* Begin XCBuildConfiguration section */
		72BBC2C71ACAEB2D0076EADF /* Debug */ = {
			isa = XCBuildConfiguration;
			buildSettings = {
				ALWAYS_SEARCH_USER_PATHS = NO;
				CLANG_CXX_LANGUAGE_STANDARD = "gnu++0x";
				CLANG_CXX_LIBRARY = "libc++";
				CLANG_ENABLE_MODULES = YES;
				CLANG_ENABLE_OBJC_ARC = YES;
				CLANG_WARN_BOOL_CONVERSION = YES;
				CLANG_WARN_CONSTANT_CONVERSION = YES;
				CLANG_WARN_DIRECT_OBJC_ISA_USAGE = YES_ERROR;
				CLANG_WARN_EMPTY_BODY = YES;
				CLANG_WARN_ENUM_CONVERSION = YES;
				CLANG_WARN_INT_CONVERSION = YES;
				CLANG_WARN_OBJC_ROOT_CLASS = YES_ERROR;
				CLANG_WARN_UNREACHABLE_CODE = YES;
				CLANG_WARN__DUPLICATE_METHOD_MATCH = YES;
				COPY_PHASE_STRIP = NO;
				ENABLE_STRICT_OBJC_MSGSEND = YES;
				GCC_C_LANGUAGE_STANDARD = gnu99;
				GCC_DYNAMIC_NO_PIC = NO;
				GCC_OPTIMIZATION_LEVEL = 0;
				GCC_PREPROCESSOR_DEFINITIONS = (
					"DEBUG=1",
					"$(inherited)",
				);
				GCC_SYMBOLS_PRIVATE_EXTERN = NO;
				GCC_WARN_64_TO_32_BIT_CONVERSION = YES;
				GCC_WARN_ABOUT_RETURN_TYPE = YES_ERROR;
				GCC_WARN_UNDECLARED_SELECTOR = YES;
				GCC_WARN_UNINITIALIZED_AUTOS = YES_AGGRESSIVE;
				GCC_WARN_UNUSED_FUNCTION = YES;
				GCC_WARN_UNUSED_VARIABLE = YES;
				MACOSX_DEPLOYMENT_TARGET = 10.10;
				MTL_ENABLE_DEBUG_INFO = YES;
				ONLY_ACTIVE_ARCH = YES;
				SDKROOT = macosx;
			};
			name = Debug;
		};
		72BBC2C81ACAEB2D0076EADF /* Release */ = {
			isa = XCBuildConfiguration;
			buildSettings = {
				ALWAYS_SEARCH_USER_PATHS = NO;
				CLANG_CXX_LANGUAGE_STANDARD = "gnu++0x";
				CLANG_CXX_LIBRARY = "libc++";
				CLANG_ENABLE_MODULES = YES;
				CLANG_ENABLE_OBJC_ARC = YES;
				CLANG_WARN_BOOL_CONVERSION = YES;
				CLANG_WARN_CONSTANT_CONVERSION = YES;
				CLANG_WARN_DIRECT_OBJC_ISA_USAGE = YES_ERROR;
				CLANG_WARN_EMPTY_BODY = YES;
				CLANG_WARN_ENUM_CONVERSION = YES;
				CLANG_WARN_INT_CONVERSION = YES;
				CLANG_WARN_OBJC_ROOT_CLASS = YES_ERROR;
				CLANG_WARN_UNREACHABLE_CODE = YES;
				CLANG_WARN__DUPLICATE_METHOD_MATCH = YES;
				COPY_PHASE_STRIP = NO;
				DEBUG_INFORMATION_FORMAT = "dwarf-with-dsym";
				ENABLE_NS_ASSERTIONS = NO;
				ENABLE_STRICT_OBJC_MSGSEND = YES;
				GCC_C_LANGUAGE_STANDARD = gnu99;
				GCC_WARN_64_TO_32_BIT_CONVERSION = YES;
				GCC_WARN_ABOUT_RETURN_TYPE = YES_ERROR;
				GCC_WARN_UNDECLARED_SELECTOR = YES;
				GCC_WARN_UNINITIALIZED_AUTOS = YES_AGGRESSIVE;
				GCC_WARN_UNUSED_FUNCTION = YES;
				GCC_WARN_UNUSED_VARIABLE = YES;
				MACOSX_DEPLOYMENT_TARGET = 10.10;
				MTL_ENABLE_DEBUG_INFO = NO;
				SDKROOT = macosx;
			};
			name = Release;
		};
		72BBC2CA1ACAEB2D0076EADF /* Debug */ = {
			isa = XCBuildConfiguration;
			buildSettings = {
				PRODUCT_NAME = "$(TARGET_NAME)";
			};
			name = Debug;
		};
		72BBC2CB1ACAEB2D0076EADF /* Release */ = {
			isa = XCBuildConfiguration;
			buildSettings = {
				PRODUCT_NAME = "$(TARGET_NAME)";
			};
			name = Release;
		};
/* End XCBuildConfiguration section */

/* Begin XCConfigurationList section */
		72BBC2BD1ACAEB2D0076EADF /* Build configuration list for PBXProject "wildloops" */ = {
			isa = XCConfigurationList;
			buildConfigurations = (
				72BBC2C71ACAEB2D0076EADF /* Debug */,
				72BBC2C81ACAEB2D0076EADF /* Release */,
			);
			defaultConfigurationIsVisible = 0;
			defaultConfigurationName = Release;
		};
		72BBC2C91ACAEB2D0076EADF /* Build configuration list for PBXNativeTarget "wildloops" */ = {
			isa = XCConfigurationList;
			buildConfigurations = (
				72BBC2CA1ACAEB2D0076EADF /* Debug */,
				72BBC2CB1ACAEB2D0076EADF /* Release */,
			);
			defaultConfigurationIsVisible = 0;
		};
/* End XCConfigurationList section */
	};
	rootObject = 72BBC2BA1ACAEB2D0076EADF /* Project object */;
}
